// !$*UTF8*$!
{
	archiveVersion = 1;
	classes = {
	};
	objectVersion = 50;
	objects = {

/* Begin PBXBuildFile section */
		24B054BB23F7F01000A092F8 /* AppDelegate.swift in Sources */ = {isa = PBXBuildFile; fileRef = 24B054BA23F7F01000A092F8 /* AppDelegate.swift */; };
		24B054BF23F7F01000A092F8 /* ViewController.swift in Sources */ = {isa = PBXBuildFile; fileRef = 24B054BE23F7F01000A092F8 /* ViewController.swift */; };
		24B054C223F7F01000A092F8 /* Main.storyboard in Resources */ = {isa = PBXBuildFile; fileRef = 24B054C023F7F01000A092F8 /* Main.storyboard */; };
		24B054C423F7F01200A092F8 /* Assets.xcassets in Resources */ = {isa = PBXBuildFile; fileRef = 24B054C323F7F01200A092F8 /* Assets.xcassets */; };
		24B054C723F7F01200A092F8 /* LaunchScreen.storyboard in Resources */ = {isa = PBXBuildFile; fileRef = 24B054C523F7F01200A092F8 /* LaunchScreen.storyboard */; };
		24B054D223F7F01300A092F8 /* SimpleMemoTests.swift in Sources */ = {isa = PBXBuildFile; fileRef = 24B054D123F7F01300A092F8 /* SimpleMemoTests.swift */; };
		24B054DD23F7F01300A092F8 /* SimpleMemoUITests.swift in Sources */ = {isa = PBXBuildFile; fileRef = 24B054DC23F7F01300A092F8 /* SimpleMemoUITests.swift */; };
		24B0550923F8063B00A092F8 /* Memo.swift in Sources */ = {isa = PBXBuildFile; fileRef = 24B0550823F8063B00A092F8 /* Memo.swift */; };
		24B0550B23F8064400A092F8 /* Image.swift in Sources */ = {isa = PBXBuildFile; fileRef = 24B0550A23F8064400A092F8 /* Image.swift */; };
		24B0550D23F809BE00A092F8 /* Category.swift in Sources */ = {isa = PBXBuildFile; fileRef = 24B0550C23F809BE00A092F8 /* Category.swift */; };
		24B0550F23F812C700A092F8 /* .swiftlint.yml in Resources */ = {isa = PBXBuildFile; fileRef = 24B0550E23F812C700A092F8 /* .swiftlint.yml */; };
		24B0551223F813D200A092F8 /* RealmManager.swift in Sources */ = {isa = PBXBuildFile; fileRef = 24B0551123F813D200A092F8 /* RealmManager.swift */; };
		2601FDDBBA06F5C328A7BB10 /* libPods-SimpleMemoTests.a in Frameworks */ = {isa = PBXBuildFile; fileRef = 19ED4DBA032BE74E2F597D5C /* libPods-SimpleMemoTests.a */; };
		CE4FFD032C75E345326801CD /* libPods-SimpleMemo.a in Frameworks */ = {isa = PBXBuildFile; fileRef = FB9BC1ADFFCDE0FC17418397 /* libPods-SimpleMemo.a */; };
		EFF6EE5DEF41394362397DF3 /* libPods-SimpleMemo-SimpleMemoUITests.a in Frameworks */ = {isa = PBXBuildFile; fileRef = 0571FCCECC3A5158ED459C97 /* libPods-SimpleMemo-SimpleMemoUITests.a */; };
/* End PBXBuildFile section */

/* Begin PBXContainerItemProxy section */
		24B054CE23F7F01200A092F8 /* PBXContainerItemProxy */ = {
			isa = PBXContainerItemProxy;
			containerPortal = 24B054AF23F7F01000A092F8 /* Project object */;
			proxyType = 1;
			remoteGlobalIDString = 24B054B623F7F01000A092F8;
			remoteInfo = SimpleMemo;
		};
		24B054D923F7F01300A092F8 /* PBXContainerItemProxy */ = {
			isa = PBXContainerItemProxy;
			containerPortal = 24B054AF23F7F01000A092F8 /* Project object */;
			proxyType = 1;
			remoteGlobalIDString = 24B054B623F7F01000A092F8;
			remoteInfo = SimpleMemo;
		};
/* End PBXContainerItemProxy section */

/* Begin PBXFileReference section */
		0571FCCECC3A5158ED459C97 /* libPods-SimpleMemo-SimpleMemoUITests.a */ = {isa = PBXFileReference; explicitFileType = archive.ar; includeInIndex = 0; path = "libPods-SimpleMemo-SimpleMemoUITests.a"; sourceTree = BUILT_PRODUCTS_DIR; };
		0EB6A4DF6143B3320D7C74BF /* Pods-SimpleMemo.debug.xcconfig */ = {isa = PBXFileReference; includeInIndex = 1; lastKnownFileType = text.xcconfig; name = "Pods-SimpleMemo.debug.xcconfig"; path = "Target Support Files/Pods-SimpleMemo/Pods-SimpleMemo.debug.xcconfig"; sourceTree = "<group>"; };
		19ED4DBA032BE74E2F597D5C /* libPods-SimpleMemoTests.a */ = {isa = PBXFileReference; explicitFileType = archive.ar; includeInIndex = 0; path = "libPods-SimpleMemoTests.a"; sourceTree = BUILT_PRODUCTS_DIR; };
		226D86D58A62030753444857 /* Pods-SimpleMemo-SimpleMemoUITests.release.xcconfig */ = {isa = PBXFileReference; includeInIndex = 1; lastKnownFileType = text.xcconfig; name = "Pods-SimpleMemo-SimpleMemoUITests.release.xcconfig"; path = "Target Support Files/Pods-SimpleMemo-SimpleMemoUITests/Pods-SimpleMemo-SimpleMemoUITests.release.xcconfig"; sourceTree = "<group>"; };
		24B054B723F7F01000A092F8 /* SimpleMemo.app */ = {isa = PBXFileReference; explicitFileType = wrapper.application; includeInIndex = 0; path = SimpleMemo.app; sourceTree = BUILT_PRODUCTS_DIR; };
		24B054BA23F7F01000A092F8 /* AppDelegate.swift */ = {isa = PBXFileReference; lastKnownFileType = sourcecode.swift; path = AppDelegate.swift; sourceTree = "<group>"; };
		24B054BE23F7F01000A092F8 /* ViewController.swift */ = {isa = PBXFileReference; lastKnownFileType = sourcecode.swift; path = ViewController.swift; sourceTree = "<group>"; };
		24B054C123F7F01000A092F8 /* Base */ = {isa = PBXFileReference; lastKnownFileType = file.storyboard; name = Base; path = Base.lproj/Main.storyboard; sourceTree = "<group>"; };
		24B054C323F7F01200A092F8 /* Assets.xcassets */ = {isa = PBXFileReference; lastKnownFileType = folder.assetcatalog; path = Assets.xcassets; sourceTree = "<group>"; };
		24B054C623F7F01200A092F8 /* Base */ = {isa = PBXFileReference; lastKnownFileType = file.storyboard; name = Base; path = Base.lproj/LaunchScreen.storyboard; sourceTree = "<group>"; };
		24B054C823F7F01200A092F8 /* Info.plist */ = {isa = PBXFileReference; lastKnownFileType = text.plist.xml; path = Info.plist; sourceTree = "<group>"; };
		24B054CD23F7F01200A092F8 /* SimpleMemoTests.xctest */ = {isa = PBXFileReference; explicitFileType = wrapper.cfbundle; includeInIndex = 0; path = SimpleMemoTests.xctest; sourceTree = BUILT_PRODUCTS_DIR; };
		24B054D123F7F01300A092F8 /* SimpleMemoTests.swift */ = {isa = PBXFileReference; lastKnownFileType = sourcecode.swift; path = SimpleMemoTests.swift; sourceTree = "<group>"; };
		24B054D323F7F01300A092F8 /* Info.plist */ = {isa = PBXFileReference; lastKnownFileType = text.plist.xml; path = Info.plist; sourceTree = "<group>"; };
		24B054D823F7F01300A092F8 /* SimpleMemoUITests.xctest */ = {isa = PBXFileReference; explicitFileType = wrapper.cfbundle; includeInIndex = 0; path = SimpleMemoUITests.xctest; sourceTree = BUILT_PRODUCTS_DIR; };
		24B054DC23F7F01300A092F8 /* SimpleMemoUITests.swift */ = {isa = PBXFileReference; lastKnownFileType = sourcecode.swift; path = SimpleMemoUITests.swift; sourceTree = "<group>"; };
		24B054DE23F7F01300A092F8 /* Info.plist */ = {isa = PBXFileReference; lastKnownFileType = text.plist.xml; path = Info.plist; sourceTree = "<group>"; };
		24B054EF23F7FD7700A092F8 /* Realm.framework */ = {isa = PBXFileReference; explicitFileType = wrapper.framework; path = Realm.framework; sourceTree = BUILT_PRODUCTS_DIR; };
		24B054F323F7FE2800A092F8 /* Realm.framework */ = {isa = PBXFileReference; explicitFileType = wrapper.framework; path = Realm.framework; sourceTree = BUILT_PRODUCTS_DIR; };
		24B054F423F7FE2800A092F8 /* RealmSwift.framework */ = {isa = PBXFileReference; explicitFileType = wrapper.framework; path = RealmSwift.framework; sourceTree = BUILT_PRODUCTS_DIR; };
		24B054FF23F7FFB100A092F8 /* Realm.framework */ = {isa = PBXFileReference; explicitFileType = wrapper.framework; path = Realm.framework; sourceTree = BUILT_PRODUCTS_DIR; };
		24B0550123F7FFB100A092F8 /* RealmSwift.framework */ = {isa = PBXFileReference; explicitFileType = wrapper.framework; path = RealmSwift.framework; sourceTree = BUILT_PRODUCTS_DIR; };
		24B0550323F8001B00A092F8 /* Realm.framework */ = {isa = PBXFileReference; explicitFileType = wrapper.framework; path = Realm.framework; sourceTree = BUILT_PRODUCTS_DIR; };
		24B0550823F8063B00A092F8 /* Memo.swift */ = {isa = PBXFileReference; lastKnownFileType = sourcecode.swift; path = Memo.swift; sourceTree = "<group>"; };
		24B0550A23F8064400A092F8 /* Image.swift */ = {isa = PBXFileReference; lastKnownFileType = sourcecode.swift; path = Image.swift; sourceTree = "<group>"; };
		24B0550C23F809BE00A092F8 /* Category.swift */ = {isa = PBXFileReference; lastKnownFileType = sourcecode.swift; path = Category.swift; sourceTree = "<group>"; };
		24B0550E23F812C700A092F8 /* .swiftlint.yml */ = {isa = PBXFileReference; fileEncoding = 4; lastKnownFileType = text.yaml; path = .swiftlint.yml; sourceTree = "<group>"; };
		24B0551123F813D200A092F8 /* RealmManager.swift */ = {isa = PBXFileReference; lastKnownFileType = sourcecode.swift; path = RealmManager.swift; sourceTree = "<group>"; };
		908DFC6C9169EDEA401AD8A3 /* Pods-SimpleMemo.release.xcconfig */ = {isa = PBXFileReference; includeInIndex = 1; lastKnownFileType = text.xcconfig; name = "Pods-SimpleMemo.release.xcconfig"; path = "Target Support Files/Pods-SimpleMemo/Pods-SimpleMemo.release.xcconfig"; sourceTree = "<group>"; };
		93D7B55AD4449A1D6AA66353 /* Pods-SimpleMemoTests.debug.xcconfig */ = {isa = PBXFileReference; includeInIndex = 1; lastKnownFileType = text.xcconfig; name = "Pods-SimpleMemoTests.debug.xcconfig"; path = "Target Support Files/Pods-SimpleMemoTests/Pods-SimpleMemoTests.debug.xcconfig"; sourceTree = "<group>"; };
		AA82FAC892BE1C82C2B58AB0 /* Pods-SimpleMemo-SimpleMemoUITests.debug.xcconfig */ = {isa = PBXFileReference; includeInIndex = 1; lastKnownFileType = text.xcconfig; name = "Pods-SimpleMemo-SimpleMemoUITests.debug.xcconfig"; path = "Target Support Files/Pods-SimpleMemo-SimpleMemoUITests/Pods-SimpleMemo-SimpleMemoUITests.debug.xcconfig"; sourceTree = "<group>"; };
		DB3101B70EF9C7D2266E7AFC /* Pods-SimpleMemoTests.release.xcconfig */ = {isa = PBXFileReference; includeInIndex = 1; lastKnownFileType = text.xcconfig; name = "Pods-SimpleMemoTests.release.xcconfig"; path = "Target Support Files/Pods-SimpleMemoTests/Pods-SimpleMemoTests.release.xcconfig"; sourceTree = "<group>"; };
		FB9BC1ADFFCDE0FC17418397 /* libPods-SimpleMemo.a */ = {isa = PBXFileReference; explicitFileType = archive.ar; includeInIndex = 0; path = "libPods-SimpleMemo.a"; sourceTree = BUILT_PRODUCTS_DIR; };
/* End PBXFileReference section */

/* Begin PBXFrameworksBuildPhase section */
		24B054B423F7F01000A092F8 /* Frameworks */ = {
			isa = PBXFrameworksBuildPhase;
			buildActionMask = 2147483647;
			files = (
				CE4FFD032C75E345326801CD /* libPods-SimpleMemo.a in Frameworks */,
			);
			runOnlyForDeploymentPostprocessing = 0;
		};
		24B054CA23F7F01200A092F8 /* Frameworks */ = {
			isa = PBXFrameworksBuildPhase;
			buildActionMask = 2147483647;
			files = (
				2601FDDBBA06F5C328A7BB10 /* libPods-SimpleMemoTests.a in Frameworks */,
			);
			runOnlyForDeploymentPostprocessing = 0;
		};
		24B054D523F7F01300A092F8 /* Frameworks */ = {
			isa = PBXFrameworksBuildPhase;
			buildActionMask = 2147483647;
			files = (
				EFF6EE5DEF41394362397DF3 /* libPods-SimpleMemo-SimpleMemoUITests.a in Frameworks */,
			);
			runOnlyForDeploymentPostprocessing = 0;
		};
/* End PBXFrameworksBuildPhase section */

/* Begin PBXGroup section */
		24B054AE23F7F01000A092F8 = {
			isa = PBXGroup;
			children = (
				24B0550E23F812C700A092F8 /* .swiftlint.yml */,
				24B054B923F7F01000A092F8 /* SimpleMemo */,
				24B054D023F7F01300A092F8 /* SimpleMemoTests */,
				24B054DB23F7F01300A092F8 /* SimpleMemoUITests */,
				24B054B823F7F01000A092F8 /* Products */,
				A384DB11AC0EC6A7E1B19E37 /* Pods */,
				ECFF6F6B0BD9E1E2B8D2DDC7 /* Frameworks */,
			);
			sourceTree = "<group>";
		};
		24B054B823F7F01000A092F8 /* Products */ = {
			isa = PBXGroup;
			children = (
				24B054B723F7F01000A092F8 /* SimpleMemo.app */,
				24B054CD23F7F01200A092F8 /* SimpleMemoTests.xctest */,
				24B054D823F7F01300A092F8 /* SimpleMemoUITests.xctest */,
			);
			name = Products;
			sourceTree = "<group>";
		};
		24B054B923F7F01000A092F8 /* SimpleMemo */ = {
			isa = PBXGroup;
			children = (
				24B0551023F813B400A092F8 /* Utils */,
				24B0550723F8062C00A092F8 /* Models */,
				24B054BA23F7F01000A092F8 /* AppDelegate.swift */,
				24B054BE23F7F01000A092F8 /* ViewController.swift */,
				24B054C023F7F01000A092F8 /* Main.storyboard */,
				24B054C323F7F01200A092F8 /* Assets.xcassets */,
				24B054C523F7F01200A092F8 /* LaunchScreen.storyboard */,
				24B054C823F7F01200A092F8 /* Info.plist */,
			);
			path = SimpleMemo;
			sourceTree = "<group>";
		};
		24B054D023F7F01300A092F8 /* SimpleMemoTests */ = {
			isa = PBXGroup;
			children = (
				24B054D123F7F01300A092F8 /* SimpleMemoTests.swift */,
				24B054D323F7F01300A092F8 /* Info.plist */,
			);
			path = SimpleMemoTests;
			sourceTree = "<group>";
		};
		24B054DB23F7F01300A092F8 /* SimpleMemoUITests */ = {
			isa = PBXGroup;
			children = (
				24B054DC23F7F01300A092F8 /* SimpleMemoUITests.swift */,
				24B054DE23F7F01300A092F8 /* Info.plist */,
			);
			path = SimpleMemoUITests;
			sourceTree = "<group>";
		};
		24B0550723F8062C00A092F8 /* Models */ = {
			isa = PBXGroup;
			children = (
				24B0550823F8063B00A092F8 /* Memo.swift */,
				24B0550A23F8064400A092F8 /* Image.swift */,
				24B0550C23F809BE00A092F8 /* Category.swift */,
			);
			path = Models;
			sourceTree = "<group>";
		};
		24B0551023F813B400A092F8 /* Utils */ = {
			isa = PBXGroup;
			children = (
				24B0551123F813D200A092F8 /* RealmManager.swift */,
			);
			path = Utils;
			sourceTree = "<group>";
		};
		A384DB11AC0EC6A7E1B19E37 /* Pods */ = {
			isa = PBXGroup;
			children = (
				0EB6A4DF6143B3320D7C74BF /* Pods-SimpleMemo.debug.xcconfig */,
				908DFC6C9169EDEA401AD8A3 /* Pods-SimpleMemo.release.xcconfig */,
				AA82FAC892BE1C82C2B58AB0 /* Pods-SimpleMemo-SimpleMemoUITests.debug.xcconfig */,
				226D86D58A62030753444857 /* Pods-SimpleMemo-SimpleMemoUITests.release.xcconfig */,
				93D7B55AD4449A1D6AA66353 /* Pods-SimpleMemoTests.debug.xcconfig */,
				DB3101B70EF9C7D2266E7AFC /* Pods-SimpleMemoTests.release.xcconfig */,
			);
			path = Pods;
			sourceTree = "<group>";
		};
		ECFF6F6B0BD9E1E2B8D2DDC7 /* Frameworks */ = {
			isa = PBXGroup;
			children = (
				24B0550323F8001B00A092F8 /* Realm.framework */,
				24B054FF23F7FFB100A092F8 /* Realm.framework */,
				24B0550123F7FFB100A092F8 /* RealmSwift.framework */,
				24B054F323F7FE2800A092F8 /* Realm.framework */,
				24B054F423F7FE2800A092F8 /* RealmSwift.framework */,
				24B054EF23F7FD7700A092F8 /* Realm.framework */,
				FB9BC1ADFFCDE0FC17418397 /* libPods-SimpleMemo.a */,
				0571FCCECC3A5158ED459C97 /* libPods-SimpleMemo-SimpleMemoUITests.a */,
				19ED4DBA032BE74E2F597D5C /* libPods-SimpleMemoTests.a */,
			);
			name = Frameworks;
			sourceTree = "<group>";
		};
/* End PBXGroup section */

/* Begin PBXNativeTarget section */
		24B054B623F7F01000A092F8 /* SimpleMemo */ = {
			isa = PBXNativeTarget;
			buildConfigurationList = 24B054E123F7F01300A092F8 /* Build configuration list for PBXNativeTarget "SimpleMemo" */;
			buildPhases = (
				DA3ECC4801ADFB9673FEFC29 /* [CP] Check Pods Manifest.lock */,
				24B054B323F7F01000A092F8 /* Sources */,
				24B054B423F7F01000A092F8 /* Frameworks */,
				24B054B523F7F01000A092F8 /* Resources */,
				24B054EA23F7F2FC00A092F8 /* ShellScript */,
			);
			buildRules = (
			);
			dependencies = (
			);
			name = SimpleMemo;
			productName = SimpleMemo;
			productReference = 24B054B723F7F01000A092F8 /* SimpleMemo.app */;
			productType = "com.apple.product-type.application";
		};
		24B054CC23F7F01200A092F8 /* SimpleMemoTests */ = {
			isa = PBXNativeTarget;
			buildConfigurationList = 24B054E423F7F01300A092F8 /* Build configuration list for PBXNativeTarget "SimpleMemoTests" */;
			buildPhases = (
				51C29289A27977527202D057 /* [CP] Check Pods Manifest.lock */,
				24B054C923F7F01200A092F8 /* Sources */,
				24B054CA23F7F01200A092F8 /* Frameworks */,
				24B054CB23F7F01200A092F8 /* Resources */,
			);
			buildRules = (
			);
			dependencies = (
				24B054CF23F7F01200A092F8 /* PBXTargetDependency */,
			);
			name = SimpleMemoTests;
			productName = SimpleMemoTests;
			productReference = 24B054CD23F7F01200A092F8 /* SimpleMemoTests.xctest */;
			productType = "com.apple.product-type.bundle.unit-test";
		};
		24B054D723F7F01300A092F8 /* SimpleMemoUITests */ = {
			isa = PBXNativeTarget;
			buildConfigurationList = 24B054E723F7F01300A092F8 /* Build configuration list for PBXNativeTarget "SimpleMemoUITests" */;
			buildPhases = (
				9A2A0119F204CB2D3BE53659 /* [CP] Check Pods Manifest.lock */,
				24B054D423F7F01300A092F8 /* Sources */,
				24B054D523F7F01300A092F8 /* Frameworks */,
				24B054D623F7F01300A092F8 /* Resources */,
			);
			buildRules = (
			);
			dependencies = (
				24B054DA23F7F01300A092F8 /* PBXTargetDependency */,
			);
			name = SimpleMemoUITests;
			productName = SimpleMemoUITests;
			productReference = 24B054D823F7F01300A092F8 /* SimpleMemoUITests.xctest */;
			productType = "com.apple.product-type.bundle.ui-testing";
		};
/* End PBXNativeTarget section */

/* Begin PBXProject section */
		24B054AF23F7F01000A092F8 /* Project object */ = {
			isa = PBXProject;
			attributes = {
				LastSwiftUpdateCheck = 1120;
				LastUpgradeCheck = 1120;
				ORGANIZATIONNAME = kyungmo;
				TargetAttributes = {
					24B054B623F7F01000A092F8 = {
						CreatedOnToolsVersion = 11.2.1;
					};
					24B054CC23F7F01200A092F8 = {
						CreatedOnToolsVersion = 11.2.1;
						TestTargetID = 24B054B623F7F01000A092F8;
					};
					24B054D723F7F01300A092F8 = {
						CreatedOnToolsVersion = 11.2.1;
						TestTargetID = 24B054B623F7F01000A092F8;
					};
				};
			};
			buildConfigurationList = 24B054B223F7F01000A092F8 /* Build configuration list for PBXProject "SimpleMemo" */;
			compatibilityVersion = "Xcode 9.3";
			developmentRegion = en;
			hasScannedForEncodings = 0;
			knownRegions = (
				en,
				Base,
			);
			mainGroup = 24B054AE23F7F01000A092F8;
			productRefGroup = 24B054B823F7F01000A092F8 /* Products */;
			projectDirPath = "";
			projectRoot = "";
			targets = (
				24B054B623F7F01000A092F8 /* SimpleMemo */,
				24B054CC23F7F01200A092F8 /* SimpleMemoTests */,
				24B054D723F7F01300A092F8 /* SimpleMemoUITests */,
			);
		};
/* End PBXProject section */

/* Begin PBXResourcesBuildPhase section */
		24B054B523F7F01000A092F8 /* Resources */ = {
			isa = PBXResourcesBuildPhase;
			buildActionMask = 2147483647;
			files = (
				24B0550F23F812C700A092F8 /* .swiftlint.yml in Resources */,
				24B054C723F7F01200A092F8 /* LaunchScreen.storyboard in Resources */,
				24B054C423F7F01200A092F8 /* Assets.xcassets in Resources */,
				24B054C223F7F01000A092F8 /* Main.storyboard in Resources */,
			);
			runOnlyForDeploymentPostprocessing = 0;
		};
		24B054CB23F7F01200A092F8 /* Resources */ = {
			isa = PBXResourcesBuildPhase;
			buildActionMask = 2147483647;
			files = (
			);
			runOnlyForDeploymentPostprocessing = 0;
		};
		24B054D623F7F01300A092F8 /* Resources */ = {
			isa = PBXResourcesBuildPhase;
			buildActionMask = 2147483647;
			files = (
			);
			runOnlyForDeploymentPostprocessing = 0;
		};
/* End PBXResourcesBuildPhase section */

/* Begin PBXShellScriptBuildPhase section */
		24B054EA23F7F2FC00A092F8 /* ShellScript */ = {
			isa = PBXShellScriptBuildPhase;
			buildActionMask = 2147483647;
			files = (
			);
			inputFileListPaths = (
			);
			inputPaths = (
			);
			outputFileListPaths = (
			);
			outputPaths = (
			);
			runOnlyForDeploymentPostprocessing = 0;
			shellPath = /bin/sh;
			shellScript = "\"${PODS_ROOT}/SwiftLint/swiftlint\"\n";
		};
		51C29289A27977527202D057 /* [CP] Check Pods Manifest.lock */ = {
			isa = PBXShellScriptBuildPhase;
			buildActionMask = 2147483647;
			files = (
			);
			inputFileListPaths = (
			);
			inputPaths = (
				"${PODS_PODFILE_DIR_PATH}/Podfile.lock",
				"${PODS_ROOT}/Manifest.lock",
			);
			name = "[CP] Check Pods Manifest.lock";
			outputFileListPaths = (
			);
			outputPaths = (
				"$(DERIVED_FILE_DIR)/Pods-SimpleMemoTests-checkManifestLockResult.txt",
			);
			runOnlyForDeploymentPostprocessing = 0;
			shellPath = /bin/sh;
			shellScript = "diff \"${PODS_PODFILE_DIR_PATH}/Podfile.lock\" \"${PODS_ROOT}/Manifest.lock\" > /dev/null\nif [ $? != 0 ] ; then\n    # print error to STDERR\n    echo \"error: The sandbox is not in sync with the Podfile.lock. Run 'pod install' or update your CocoaPods installation.\" >&2\n    exit 1\nfi\n# This output is used by Xcode 'outputs' to avoid re-running this script phase.\necho \"SUCCESS\" > \"${SCRIPT_OUTPUT_FILE_0}\"\n";
			showEnvVarsInLog = 0;
		};
		9A2A0119F204CB2D3BE53659 /* [CP] Check Pods Manifest.lock */ = {
			isa = PBXShellScriptBuildPhase;
			buildActionMask = 2147483647;
			files = (
			);
			inputFileListPaths = (
			);
			inputPaths = (
				"${PODS_PODFILE_DIR_PATH}/Podfile.lock",
				"${PODS_ROOT}/Manifest.lock",
			);
			name = "[CP] Check Pods Manifest.lock";
			outputFileListPaths = (
			);
			outputPaths = (
				"$(DERIVED_FILE_DIR)/Pods-SimpleMemo-SimpleMemoUITests-checkManifestLockResult.txt",
			);
			runOnlyForDeploymentPostprocessing = 0;
			shellPath = /bin/sh;
			shellScript = "diff \"${PODS_PODFILE_DIR_PATH}/Podfile.lock\" \"${PODS_ROOT}/Manifest.lock\" > /dev/null\nif [ $? != 0 ] ; then\n    # print error to STDERR\n    echo \"error: The sandbox is not in sync with the Podfile.lock. Run 'pod install' or update your CocoaPods installation.\" >&2\n    exit 1\nfi\n# This output is used by Xcode 'outputs' to avoid re-running this script phase.\necho \"SUCCESS\" > \"${SCRIPT_OUTPUT_FILE_0}\"\n";
			showEnvVarsInLog = 0;
		};
		DA3ECC4801ADFB9673FEFC29 /* [CP] Check Pods Manifest.lock */ = {
			isa = PBXShellScriptBuildPhase;
			buildActionMask = 2147483647;
			files = (
			);
			inputFileListPaths = (
			);
			inputPaths = (
				"${PODS_PODFILE_DIR_PATH}/Podfile.lock",
				"${PODS_ROOT}/Manifest.lock",
			);
			name = "[CP] Check Pods Manifest.lock";
			outputFileListPaths = (
			);
			outputPaths = (
				"$(DERIVED_FILE_DIR)/Pods-SimpleMemo-checkManifestLockResult.txt",
			);
			runOnlyForDeploymentPostprocessing = 0;
			shellPath = /bin/sh;
			shellScript = "diff \"${PODS_PODFILE_DIR_PATH}/Podfile.lock\" \"${PODS_ROOT}/Manifest.lock\" > /dev/null\nif [ $? != 0 ] ; then\n    # print error to STDERR\n    echo \"error: The sandbox is not in sync with the Podfile.lock. Run 'pod install' or update your CocoaPods installation.\" >&2\n    exit 1\nfi\n# This output is used by Xcode 'outputs' to avoid re-running this script phase.\necho \"SUCCESS\" > \"${SCRIPT_OUTPUT_FILE_0}\"\n";
			showEnvVarsInLog = 0;
		};
/* End PBXShellScriptBuildPhase section */

/* Begin PBXSourcesBuildPhase section */
		24B054B323F7F01000A092F8 /* Sources */ = {
			isa = PBXSourcesBuildPhase;
			buildActionMask = 2147483647;
			files = (
				24B054BF23F7F01000A092F8 /* ViewController.swift in Sources */,
				24B054BB23F7F01000A092F8 /* AppDelegate.swift in Sources */,
				24B0550923F8063B00A092F8 /* Memo.swift in Sources */,
				24B0550B23F8064400A092F8 /* Image.swift in Sources */,
				24B0550D23F809BE00A092F8 /* Category.swift in Sources */,
				24B0551223F813D200A092F8 /* RealmManager.swift in Sources */,
			);
			runOnlyForDeploymentPostprocessing = 0;
		};
		24B054C923F7F01200A092F8 /* Sources */ = {
			isa = PBXSourcesBuildPhase;
			buildActionMask = 2147483647;
			files = (
				24B054D223F7F01300A092F8 /* SimpleMemoTests.swift in Sources */,
			);
			runOnlyForDeploymentPostprocessing = 0;
		};
		24B054D423F7F01300A092F8 /* Sources */ = {
			isa = PBXSourcesBuildPhase;
			buildActionMask = 2147483647;
			files = (
				24B054DD23F7F01300A092F8 /* SimpleMemoUITests.swift in Sources */,
			);
			runOnlyForDeploymentPostprocessing = 0;
		};
/* End PBXSourcesBuildPhase section */

/* Begin PBXTargetDependency section */
		24B054CF23F7F01200A092F8 /* PBXTargetDependency */ = {
			isa = PBXTargetDependency;
			target = 24B054B623F7F01000A092F8 /* SimpleMemo */;
			targetProxy = 24B054CE23F7F01200A092F8 /* PBXContainerItemProxy */;
		};
		24B054DA23F7F01300A092F8 /* PBXTargetDependency */ = {
			isa = PBXTargetDependency;
			target = 24B054B623F7F01000A092F8 /* SimpleMemo */;
			targetProxy = 24B054D923F7F01300A092F8 /* PBXContainerItemProxy */;
		};
/* End PBXTargetDependency section */

/* Begin PBXVariantGroup section */
		24B054C023F7F01000A092F8 /* Main.storyboard */ = {
			isa = PBXVariantGroup;
			children = (
				24B054C123F7F01000A092F8 /* Base */,
			);
			name = Main.storyboard;
			sourceTree = "<group>";
		};
		24B054C523F7F01200A092F8 /* LaunchScreen.storyboard */ = {
			isa = PBXVariantGroup;
			children = (
				24B054C623F7F01200A092F8 /* Base */,
			);
			name = LaunchScreen.storyboard;
			sourceTree = "<group>";
		};
/* End PBXVariantGroup section */

/* Begin XCBuildConfiguration section */
		24B054DF23F7F01300A092F8 /* Debug */ = {
			isa = XCBuildConfiguration;
			buildSettings = {
				ALWAYS_SEARCH_USER_PATHS = NO;
				CLANG_ANALYZER_NONNULL = YES;
				CLANG_ANALYZER_NUMBER_OBJECT_CONVERSION = YES_AGGRESSIVE;
				CLANG_CXX_LANGUAGE_STANDARD = "gnu++14";
				CLANG_CXX_LIBRARY = "libc++";
				CLANG_ENABLE_MODULES = YES;
				CLANG_ENABLE_OBJC_ARC = YES;
				CLANG_ENABLE_OBJC_WEAK = YES;
				CLANG_WARN_BLOCK_CAPTURE_AUTORELEASING = YES;
				CLANG_WARN_BOOL_CONVERSION = YES;
				CLANG_WARN_COMMA = YES;
				CLANG_WARN_CONSTANT_CONVERSION = YES;
				CLANG_WARN_DEPRECATED_OBJC_IMPLEMENTATIONS = YES;
				CLANG_WARN_DIRECT_OBJC_ISA_USAGE = YES_ERROR;
				CLANG_WARN_DOCUMENTATION_COMMENTS = YES;
				CLANG_WARN_EMPTY_BODY = YES;
				CLANG_WARN_ENUM_CONVERSION = YES;
				CLANG_WARN_INFINITE_RECURSION = YES;
				CLANG_WARN_INT_CONVERSION = YES;
				CLANG_WARN_NON_LITERAL_NULL_CONVERSION = YES;
				CLANG_WARN_OBJC_IMPLICIT_RETAIN_SELF = YES;
				CLANG_WARN_OBJC_LITERAL_CONVERSION = YES;
				CLANG_WARN_OBJC_ROOT_CLASS = YES_ERROR;
				CLANG_WARN_RANGE_LOOP_ANALYSIS = YES;
				CLANG_WARN_STRICT_PROTOTYPES = YES;
				CLANG_WARN_SUSPICIOUS_MOVE = YES;
				CLANG_WARN_UNGUARDED_AVAILABILITY = YES_AGGRESSIVE;
				CLANG_WARN_UNREACHABLE_CODE = YES;
				CLANG_WARN__DUPLICATE_METHOD_MATCH = YES;
				COPY_PHASE_STRIP = NO;
				DEBUG_INFORMATION_FORMAT = dwarf;
				ENABLE_STRICT_OBJC_MSGSEND = YES;
				ENABLE_TESTABILITY = YES;
				GCC_C_LANGUAGE_STANDARD = gnu11;
				GCC_DYNAMIC_NO_PIC = NO;
				GCC_NO_COMMON_BLOCKS = YES;
				GCC_OPTIMIZATION_LEVEL = 0;
				GCC_PREPROCESSOR_DEFINITIONS = (
					"DEBUG=1",
					"$(inherited)",
				);
				GCC_WARN_64_TO_32_BIT_CONVERSION = YES;
				GCC_WARN_ABOUT_RETURN_TYPE = YES_ERROR;
				GCC_WARN_UNDECLARED_SELECTOR = YES;
				GCC_WARN_UNINITIALIZED_AUTOS = YES_AGGRESSIVE;
				GCC_WARN_UNUSED_FUNCTION = YES;
				GCC_WARN_UNUSED_VARIABLE = YES;
				IPHONEOS_DEPLOYMENT_TARGET = 10.0;
				MTL_ENABLE_DEBUG_INFO = INCLUDE_SOURCE;
				MTL_FAST_MATH = YES;
				ONLY_ACTIVE_ARCH = YES;
				SDKROOT = iphoneos;
				SWIFT_ACTIVE_COMPILATION_CONDITIONS = DEBUG;
				SWIFT_OPTIMIZATION_LEVEL = "-Onone";
			};
			name = Debug;
		};
		24B054E023F7F01300A092F8 /* Release */ = {
			isa = XCBuildConfiguration;
			buildSettings = {
				ALWAYS_SEARCH_USER_PATHS = NO;
				CLANG_ANALYZER_NONNULL = YES;
				CLANG_ANALYZER_NUMBER_OBJECT_CONVERSION = YES_AGGRESSIVE;
				CLANG_CXX_LANGUAGE_STANDARD = "gnu++14";
				CLANG_CXX_LIBRARY = "libc++";
				CLANG_ENABLE_MODULES = YES;
				CLANG_ENABLE_OBJC_ARC = YES;
				CLANG_ENABLE_OBJC_WEAK = YES;
				CLANG_WARN_BLOCK_CAPTURE_AUTORELEASING = YES;
				CLANG_WARN_BOOL_CONVERSION = YES;
				CLANG_WARN_COMMA = YES;
				CLANG_WARN_CONSTANT_CONVERSION = YES;
				CLANG_WARN_DEPRECATED_OBJC_IMPLEMENTATIONS = YES;
				CLANG_WARN_DIRECT_OBJC_ISA_USAGE = YES_ERROR;
				CLANG_WARN_DOCUMENTATION_COMMENTS = YES;
				CLANG_WARN_EMPTY_BODY = YES;
				CLANG_WARN_ENUM_CONVERSION = YES;
				CLANG_WARN_INFINITE_RECURSION = YES;
				CLANG_WARN_INT_CONVERSION = YES;
				CLANG_WARN_NON_LITERAL_NULL_CONVERSION = YES;
				CLANG_WARN_OBJC_IMPLICIT_RETAIN_SELF = YES;
				CLANG_WARN_OBJC_LITERAL_CONVERSION = YES;
				CLANG_WARN_OBJC_ROOT_CLASS = YES_ERROR;
				CLANG_WARN_RANGE_LOOP_ANALYSIS = YES;
				CLANG_WARN_STRICT_PROTOTYPES = YES;
				CLANG_WARN_SUSPICIOUS_MOVE = YES;
				CLANG_WARN_UNGUARDED_AVAILABILITY = YES_AGGRESSIVE;
				CLANG_WARN_UNREACHABLE_CODE = YES;
				CLANG_WARN__DUPLICATE_METHOD_MATCH = YES;
				COPY_PHASE_STRIP = NO;
				DEBUG_INFORMATION_FORMAT = "dwarf-with-dsym";
				ENABLE_NS_ASSERTIONS = NO;
				ENABLE_STRICT_OBJC_MSGSEND = YES;
				GCC_C_LANGUAGE_STANDARD = gnu11;
				GCC_NO_COMMON_BLOCKS = YES;
				GCC_WARN_64_TO_32_BIT_CONVERSION = YES;
				GCC_WARN_ABOUT_RETURN_TYPE = YES_ERROR;
				GCC_WARN_UNDECLARED_SELECTOR = YES;
				GCC_WARN_UNINITIALIZED_AUTOS = YES_AGGRESSIVE;
				GCC_WARN_UNUSED_FUNCTION = YES;
				GCC_WARN_UNUSED_VARIABLE = YES;
				IPHONEOS_DEPLOYMENT_TARGET = 10.0;
				MTL_ENABLE_DEBUG_INFO = NO;
				MTL_FAST_MATH = YES;
				SDKROOT = iphoneos;
				SWIFT_COMPILATION_MODE = wholemodule;
				SWIFT_OPTIMIZATION_LEVEL = "-O";
				VALIDATE_PRODUCT = YES;
			};
			name = Release;
		};
		24B054E223F7F01300A092F8 /* Debug */ = {
			isa = XCBuildConfiguration;
			baseConfigurationReference = 0EB6A4DF6143B3320D7C74BF /* Pods-SimpleMemo.debug.xcconfig */;
			buildSettings = {
				ASSETCATALOG_COMPILER_APPICON_NAME = AppIcon;
				CODE_SIGN_STYLE = Automatic;
				DEVELOPMENT_TEAM = YV47R3P48P;
				INFOPLIST_FILE = SimpleMemo/Info.plist;
				IPHONEOS_DEPLOYMENT_TARGET = 10.0;
				LD_RUNPATH_SEARCH_PATHS = (
					"$(inherited)",
					"@executable_path/Frameworks",
				);
				PRODUCT_BUNDLE_IDENTIFIER = kyungmo.SimpleMemo;
				PRODUCT_NAME = "$(TARGET_NAME)";
				SWIFT_VERSION = 5.0;
				TARGETED_DEVICE_FAMILY = 1;
			};
			name = Debug;
		};
		24B054E323F7F01300A092F8 /* Release */ = {
			isa = XCBuildConfiguration;
			baseConfigurationReference = 908DFC6C9169EDEA401AD8A3 /* Pods-SimpleMemo.release.xcconfig */;
			buildSettings = {
				ASSETCATALOG_COMPILER_APPICON_NAME = AppIcon;
				CODE_SIGN_STYLE = Automatic;
				DEVELOPMENT_TEAM = YV47R3P48P;
				INFOPLIST_FILE = SimpleMemo/Info.plist;
				IPHONEOS_DEPLOYMENT_TARGET = 10.0;
				LD_RUNPATH_SEARCH_PATHS = (
					"$(inherited)",
					"@executable_path/Frameworks",
				);
				PRODUCT_BUNDLE_IDENTIFIER = kyungmo.SimpleMemo;
				PRODUCT_NAME = "$(TARGET_NAME)";
				SWIFT_VERSION = 5.0;
				TARGETED_DEVICE_FAMILY = 1;
			};
			name = Release;
		};
		24B054E523F7F01300A092F8 /* Debug */ = {
			isa = XCBuildConfiguration;
			baseConfigurationReference = 93D7B55AD4449A1D6AA66353 /* Pods-SimpleMemoTests.debug.xcconfig */;
			buildSettings = {
				ALWAYS_EMBED_SWIFT_STANDARD_LIBRARIES = YES;
				BUNDLE_LOADER = "$(TEST_HOST)";
				CODE_SIGN_STYLE = Automatic;
				DEVELOPMENT_TEAM = YV47R3P48P;
				INFOPLIST_FILE = SimpleMemoTests/Info.plist;
				IPHONEOS_DEPLOYMENT_TARGET = 13.2;
				LD_RUNPATH_SEARCH_PATHS = (
					"$(inherited)",
					"@executable_path/Frameworks",
					"@loader_path/Frameworks",
				);
				PRODUCT_BUNDLE_IDENTIFIER = kyungmo.SimpleMemoTests;
				PRODUCT_NAME = "$(TARGET_NAME)";
				SWIFT_VERSION = 5.0;
				TARGETED_DEVICE_FAMILY = "1,2";
				TEST_HOST = "$(BUILT_PRODUCTS_DIR)/SimpleMemo.app/SimpleMemo";
			};
			name = Debug;
		};
		24B054E623F7F01300A092F8 /* Release */ = {
			isa = XCBuildConfiguration;
			baseConfigurationReference = DB3101B70EF9C7D2266E7AFC /* Pods-SimpleMemoTests.release.xcconfig */;
			buildSettings = {
				ALWAYS_EMBED_SWIFT_STANDARD_LIBRARIES = YES;
				BUNDLE_LOADER = "$(TEST_HOST)";
				CODE_SIGN_STYLE = Automatic;
				DEVELOPMENT_TEAM = YV47R3P48P;
				INFOPLIST_FILE = SimpleMemoTests/Info.plist;
				IPHONEOS_DEPLOYMENT_TARGET = 13.2;
				LD_RUNPATH_SEARCH_PATHS = (
					"$(inherited)",
					"@executable_path/Frameworks",
					"@loader_path/Frameworks",
				);
				PRODUCT_BUNDLE_IDENTIFIER = kyungmo.SimpleMemoTests;
				PRODUCT_NAME = "$(TARGET_NAME)";
				SWIFT_VERSION = 5.0;
				TARGETED_DEVICE_FAMILY = "1,2";
				TEST_HOST = "$(BUILT_PRODUCTS_DIR)/SimpleMemo.app/SimpleMemo";
			};
			name = Release;
		};
		24B054E823F7F01300A092F8 /* Debug */ = {
			isa = XCBuildConfiguration;
			baseConfigurationReference = AA82FAC892BE1C82C2B58AB0 /* Pods-SimpleMemo-SimpleMemoUITests.debug.xcconfig */;
			buildSettings = {
				ALWAYS_EMBED_SWIFT_STANDARD_LIBRARIES = YES;
				CODE_SIGN_STYLE = Automatic;
				DEVELOPMENT_TEAM = YV47R3P48P;
				INFOPLIST_FILE = SimpleMemoUITests/Info.plist;
				LD_RUNPATH_SEARCH_PATHS = (
					"$(inherited)",
					"@executable_path/Frameworks",
					"@loader_path/Frameworks",
				);
				PRODUCT_BUNDLE_IDENTIFIER = kyungmo.SimpleMemoUITests;
				PRODUCT_NAME = "$(TARGET_NAME)";
				SWIFT_VERSION = 5.0;
				TARGETED_DEVICE_FAMILY = "1,2";
				TEST_TARGET_NAME = SimpleMemo;
			};
			name = Debug;
		};
		24B054E923F7F01300A092F8 /* Release */ = {
			isa = XCBuildConfiguration;
			baseConfigurationReference = 226D86D58A62030753444857 /* Pods-SimpleMemo-SimpleMemoUITests.release.xcconfig */;
			buildSettings = {
				ALWAYS_EMBED_SWIFT_STANDARD_LIBRARIES = YES;
				CODE_SIGN_STYLE = Automatic;
				DEVELOPMENT_TEAM = YV47R3P48P;
				INFOPLIST_FILE = SimpleMemoUITests/Info.plist;
				LD_RUNPATH_SEARCH_PATHS = (
					"$(inherited)",
					"@executable_path/Frameworks",
					"@loader_path/Frameworks",
				);
				PRODUCT_BUNDLE_IDENTIFIER = kyungmo.SimpleMemoUITests;
				PRODUCT_NAME = "$(TARGET_NAME)";
				SWIFT_VERSION = 5.0;
				TARGETED_DEVICE_FAMILY = "1,2";
				TEST_TARGET_NAME = SimpleMemo;
			};
			name = Release;
		};
/* End XCBuildConfiguration section */

/* Begin XCConfigurationList section */
		24B054B223F7F01000A092F8 /* Build configuration list for PBXProject "SimpleMemo" */ = {
			isa = XCConfigurationList;
			buildConfigurations = (
				24B054DF23F7F01300A092F8 /* Debug */,
				24B054E023F7F01300A092F8 /* Release */,
			);
			defaultConfigurationIsVisible = 0;
			defaultConfigurationName = Release;
		};
		24B054E123F7F01300A092F8 /* Build configuration list for PBXNativeTarget "SimpleMemo" */ = {
			isa = XCConfigurationList;
			buildConfigurations = (
				24B054E223F7F01300A092F8 /* Debug */,
				24B054E323F7F01300A092F8 /* Release */,
			);
			defaultConfigurationIsVisible = 0;
			defaultConfigurationName = Release;
		};
		24B054E423F7F01300A092F8 /* Build configuration list for PBXNativeTarget "SimpleMemoTests" */ = {
			isa = XCConfigurationList;
			buildConfigurations = (
				24B054E523F7F01300A092F8 /* Debug */,
				24B054E623F7F01300A092F8 /* Release */,
			);
			defaultConfigurationIsVisible = 0;
			defaultConfigurationName = Release;
		};
		24B054E723F7F01300A092F8 /* Build configuration list for PBXNativeTarget "SimpleMemoUITests" */ = {
			isa = XCConfigurationList;
			buildConfigurations = (
				24B054E823F7F01300A092F8 /* Debug */,
				24B054E923F7F01300A092F8 /* Release */,
			);
			defaultConfigurationIsVisible = 0;
			defaultConfigurationName = Release;
		};
/* End XCConfigurationList section */
	};
	rootObject = 24B054AF23F7F01000A092F8 /* Project object */;
}
